// !$*UTF8*$!
{
	archiveVersion = 1;
	classes = {
	};
	objectVersion = 60;
	objects = {

/* Begin PBXBuildFile section */
		0594B21E2CB5BCC1001D8A48 /* Assets.xcassets in Resources */ = {isa = PBXBuildFile; fileRef = 0594B2152CB5BCC1001D8A48 /* Assets.xcassets */; };
		0594B2202CB5BCC1001D8A48 /* LaunchScreen.storyboard in Resources */ = {isa = PBXBuildFile; fileRef = 0594B2182CB5BCC1001D8A48 /* LaunchScreen.storyboard */; };
		0594B2212CB5BCC1001D8A48 /* Main.storyboard in Resources */ = {isa = PBXBuildFile; fileRef = 0594B21A2CB5BCC1001D8A48 /* Main.storyboard */; };
		0594B2222CB5BCC1001D8A48 /* AppDelegate.swift in Sources */ = {isa = PBXBuildFile; fileRef = 0594B2142CB5BCC1001D8A48 /* AppDelegate.swift */; };
		0594B2232CB5BCC1001D8A48 /* SceneDelegate.swift in Sources */ = {isa = PBXBuildFile; fileRef = 0594B21B2CB5BCC1001D8A48 /* SceneDelegate.swift */; };
		0594B2242CB5BCC1001D8A48 /* ViewController.swift in Sources */ = {isa = PBXBuildFile; fileRef = 0594B21C2CB5BCC1001D8A48 /* ViewController.swift */; };
		0594B22A2CB5C3C7001D8A48 /* GroupCallWithChatViewController.swift in Sources */ = {isa = PBXBuildFile; fileRef = 0594B2292CB5C3AD001D8A48 /* GroupCallWithChatViewController.swift */; };
		0594B22C2CB5C530001D8A48 /* TeamsMeetingViewController.swift in Sources */ = {isa = PBXBuildFile; fileRef = 0594B22B2CB5C521001D8A48 /* TeamsMeetingViewController.swift */; };
		108C94722E3368E5008E1438 /* AzureCommunicationCalling in Frameworks */ = {isa = PBXBuildFile; productRef = 108C94712E3368E5008E1438 /* AzureCommunicationCalling */; };
		108C94742E3368E5008E1438 /* AzureCommunicationUICalling in Frameworks */ = {isa = PBXBuildFile; productRef = 108C94732E3368E5008E1438 /* AzureCommunicationUICalling */; };
		108C94762E3368E5008E1438 /* AzureCommunicationUIChat in Frameworks */ = {isa = PBXBuildFile; productRef = 108C94752E3368E5008E1438 /* AzureCommunicationUIChat */; };
		108C94782E3368E5008E1438 /* AzureCommunicationUICommon in Frameworks */ = {isa = PBXBuildFile; productRef = 108C94772E3368E5008E1438 /* AzureCommunicationUICommon */; };
/* End PBXBuildFile section */

/* Begin PBXFileReference section */
		0594B1DC2CB5BB44001D8A48 /* CallingWithChat.app */ = {isa = PBXFileReference; explicitFileType = wrapper.application; includeInIndex = 0; path = CallingWithChat.app; sourceTree = BUILT_PRODUCTS_DIR; };
		0594B2142CB5BCC1001D8A48 /* AppDelegate.swift */ = {isa = PBXFileReference; lastKnownFileType = sourcecode.swift; path = AppDelegate.swift; sourceTree = "<group>"; };
		0594B2152CB5BCC1001D8A48 /* Assets.xcassets */ = {isa = PBXFileReference; lastKnownFileType = folder.assetcatalog; path = Assets.xcassets; sourceTree = "<group>"; };
		0594B2162CB5BCC1001D8A48 /* Info.plist */ = {isa = PBXFileReference; lastKnownFileType = text.plist.xml; path = Info.plist; sourceTree = "<group>"; };
		0594B2172CB5BCC1001D8A48 /* Base */ = {isa = PBXFileReference; lastKnownFileType = file.storyboard; name = Base; path = Base.lproj/LaunchScreen.storyboard; sourceTree = "<group>"; };
		0594B2192CB5BCC1001D8A48 /* Base */ = {isa = PBXFileReference; lastKnownFileType = file.storyboard; name = Base; path = Base.lproj/Main.storyboard; sourceTree = "<group>"; };
		0594B21B2CB5BCC1001D8A48 /* SceneDelegate.swift */ = {isa = PBXFileReference; lastKnownFileType = sourcecode.swift; path = SceneDelegate.swift; sourceTree = "<group>"; };
		0594B21C2CB5BCC1001D8A48 /* ViewController.swift */ = {isa = PBXFileReference; lastKnownFileType = sourcecode.swift; path = ViewController.swift; sourceTree = "<group>"; };
		0594B2292CB5C3AD001D8A48 /* GroupCallWithChatViewController.swift */ = {isa = PBXFileReference; lastKnownFileType = sourcecode.swift; path = GroupCallWithChatViewController.swift; sourceTree = "<group>"; };
		0594B22B2CB5C521001D8A48 /* TeamsMeetingViewController.swift */ = {isa = PBXFileReference; lastKnownFileType = sourcecode.swift; path = TeamsMeetingViewController.swift; sourceTree = "<group>"; };
/* End PBXFileReference section */

/* Begin PBXFrameworksBuildPhase section */
		0594B1D92CB5BB44001D8A48 /* Frameworks */ = {
			isa = PBXFrameworksBuildPhase;
			buildActionMask = 2147483647;
			files = (
				108C94762E3368E5008E1438 /* AzureCommunicationUIChat in Frameworks */,
				108C94742E3368E5008E1438 /* AzureCommunicationUICalling in Frameworks */,
				108C94782E3368E5008E1438 /* AzureCommunicationUICommon in Frameworks */,
				108C94722E3368E5008E1438 /* AzureCommunicationCalling in Frameworks */,
			);
			runOnlyForDeploymentPostprocessing = 0;
		};
/* End PBXFrameworksBuildPhase section */

/* Begin PBXGroup section */
		0594B1D32CB5BB44001D8A48 = {
			isa = PBXGroup;
			children = (
				0594B21D2CB5BCC1001D8A48 /* CallingWithChat */,
				0594B1DD2CB5BB44001D8A48 /* Products */,
			);
			sourceTree = "<group>";
		};
		0594B1DD2CB5BB44001D8A48 /* Products */ = {
			isa = PBXGroup;
			children = (
				0594B1DC2CB5BB44001D8A48 /* CallingWithChat.app */,
			);
			name = Products;
			sourceTree = "<group>";
		};
		0594B21D2CB5BCC1001D8A48 /* CallingWithChat */ = {
			isa = PBXGroup;
			children = (
				0594B2142CB5BCC1001D8A48 /* AppDelegate.swift */,
				0594B2152CB5BCC1001D8A48 /* Assets.xcassets */,
				0594B2162CB5BCC1001D8A48 /* Info.plist */,
				0594B2182CB5BCC1001D8A48 /* LaunchScreen.storyboard */,
				0594B21A2CB5BCC1001D8A48 /* Main.storyboard */,
				0594B21B2CB5BCC1001D8A48 /* SceneDelegate.swift */,
				0594B21C2CB5BCC1001D8A48 /* ViewController.swift */,
				0594B22B2CB5C521001D8A48 /* TeamsMeetingViewController.swift */,
				0594B2292CB5C3AD001D8A48 /* GroupCallWithChatViewController.swift */,
			);
			path = CallingWithChat;
			sourceTree = "<group>";
		};
/* End PBXGroup section */

/* Begin PBXNativeTarget section */
		0594B1DB2CB5BB44001D8A48 /* CallingWithChat */ = {
			isa = PBXNativeTarget;
			buildConfigurationList = 0594B1EF2CB5BB47001D8A48 /* Build configuration list for PBXNativeTarget "CallingWithChat" */;
			buildPhases = (
				0594B1D82CB5BB44001D8A48 /* Sources */,
				0594B1D92CB5BB44001D8A48 /* Frameworks */,
				0594B1DA2CB5BB44001D8A48 /* Resources */,
			);
			buildRules = (
			);
			dependencies = (
			);
			name = CallingWithChat;
			productName = CallingWithChat;
			productReference = 0594B1DC2CB5BB44001D8A48 /* CallingWithChat.app */;
			productType = "com.apple.product-type.application";
		};
/* End PBXNativeTarget section */

/* Begin PBXProject section */
		0594B1D42CB5BB44001D8A48 /* Project object */ = {
			isa = PBXProject;
			attributes = {
				BuildIndependentTargetsInParallel = 1;
				LastSwiftUpdateCheck = 1600;
				LastUpgradeCheck = 1600;
				TargetAttributes = {
					0594B1DB2CB5BB44001D8A48 = {
						CreatedOnToolsVersion = 16.0;
					};
				};
			};
			buildConfigurationList = 0594B1D72CB5BB44001D8A48 /* Build configuration list for PBXProject "CallingWithChat" */;
			compatibilityVersion = "Xcode 14.0";
			developmentRegion = en;
			hasScannedForEncodings = 0;
			knownRegions = (
				en,
				Base,
			);
			mainGroup = 0594B1D32CB5BB44001D8A48;
			packageReferences = (
				108C94702E3368E5008E1438 /* XCLocalSwiftPackageReference "SPM/AzureCommunicationUI" */,
			);
			productRefGroup = 0594B1DD2CB5BB44001D8A48 /* Products */;
			projectDirPath = "";
			projectRoot = "";
			targets = (
				0594B1DB2CB5BB44001D8A48 /* CallingWithChat */,
			);
		};
/* End PBXProject section */

/* Begin PBXResourcesBuildPhase section */
		0594B1DA2CB5BB44001D8A48 /* Resources */ = {
			isa = PBXResourcesBuildPhase;
			buildActionMask = 2147483647;
			files = (
				0594B21E2CB5BCC1001D8A48 /* Assets.xcassets in Resources */,
				0594B2202CB5BCC1001D8A48 /* LaunchScreen.storyboard in Resources */,
				0594B2212CB5BCC1001D8A48 /* Main.storyboard in Resources */,
			);
			runOnlyForDeploymentPostprocessing = 0;
		};
/* End PBXResourcesBuildPhase section */

/* Begin PBXSourcesBuildPhase section */
		0594B1D82CB5BB44001D8A48 /* Sources */ = {
			isa = PBXSourcesBuildPhase;
			buildActionMask = 2147483647;
			files = (
				0594B22A2CB5C3C7001D8A48 /* GroupCallWithChatViewController.swift in Sources */,
				0594B22C2CB5C530001D8A48 /* TeamsMeetingViewController.swift in Sources */,
				0594B2222CB5BCC1001D8A48 /* AppDelegate.swift in Sources */,
				0594B2232CB5BCC1001D8A48 /* SceneDelegate.swift in Sources */,
				0594B2242CB5BCC1001D8A48 /* ViewController.swift in Sources */,
			);
			runOnlyForDeploymentPostprocessing = 0;
		};
/* End PBXSourcesBuildPhase section */

/* Begin PBXVariantGroup section */
		0594B2182CB5BCC1001D8A48 /* LaunchScreen.storyboard */ = {
			isa = PBXVariantGroup;
			children = (
				0594B2172CB5BCC1001D8A48 /* Base */,
			);
			name = LaunchScreen.storyboard;
			sourceTree = "<group>";
		};
		0594B21A2CB5BCC1001D8A48 /* Main.storyboard */ = {
			isa = PBXVariantGroup;
			children = (
				0594B2192CB5BCC1001D8A48 /* Base */,
			);
			name = Main.storyboard;
			sourceTree = "<group>";
		};
/* End PBXVariantGroup section */

/* Begin XCBuildConfiguration section */
		0594B1F02CB5BB47001D8A48 /* Debug */ = {
			isa = XCBuildConfiguration;
			buildSettings = {
				ASSETCATALOG_COMPILER_APPICON_NAME = AppIcon;
				ASSETCATALOG_COMPILER_GLOBAL_ACCENT_COLOR_NAME = AccentColor;
				CODE_SIGN_STYLE = Automatic;
				CURRENT_PROJECT_VERSION = 1;
				DEVELOPMENT_TEAM = G94TVPBSA3;
				ENABLE_USER_SCRIPT_SANDBOXING = NO;
				GENERATE_INFOPLIST_FILE = YES;
				INFOPLIST_FILE = CallingWithChat/Info.plist;
				INFOPLIST_KEY_UIApplicationSupportsIndirectInputEvents = YES;
				INFOPLIST_KEY_UILaunchStoryboardName = LaunchScreen;
				INFOPLIST_KEY_UIMainStoryboardFile = Main;
				INFOPLIST_KEY_UISupportedInterfaceOrientations_iPad = "UIInterfaceOrientationPortrait UIInterfaceOrientationPortraitUpsideDown UIInterfaceOrientationLandscapeLeft UIInterfaceOrientationLandscapeRight";
				INFOPLIST_KEY_UISupportedInterfaceOrientations_iPhone = "UIInterfaceOrientationPortrait UIInterfaceOrientationLandscapeLeft UIInterfaceOrientationLandscapeRight";
				LD_RUNPATH_SEARCH_PATHS = (
					"$(inherited)",
					"@executable_path/Frameworks",
				);
				MARKETING_VERSION = 1.0;
				PRODUCT_BUNDLE_IDENTIFIER = com.azure.samples.communication.callingwithchat.CallingWithChat;
				PRODUCT_NAME = "$(TARGET_NAME)";
				SWIFT_EMIT_LOC_STRINGS = YES;
				SWIFT_VERSION = 5.0;
				TARGETED_DEVICE_FAMILY = "1,2";
			};
			name = Debug;
		};
		0594B1F12CB5BB47001D8A48 /* Release */ = {
			isa = XCBuildConfiguration;
			buildSettings = {
				ASSETCATALOG_COMPILER_APPICON_NAME = AppIcon;
				ASSETCATALOG_COMPILER_GLOBAL_ACCENT_COLOR_NAME = AccentColor;
				CODE_SIGN_STYLE = Automatic;
				CURRENT_PROJECT_VERSION = 1;
				DEVELOPMENT_TEAM = G94TVPBSA3;
				ENABLE_USER_SCRIPT_SANDBOXING = NO;
				GENERATE_INFOPLIST_FILE = YES;
				INFOPLIST_FILE = CallingWithChat/Info.plist;
				INFOPLIST_KEY_UIApplicationSupportsIndirectInputEvents = YES;
				INFOPLIST_KEY_UILaunchStoryboardName = LaunchScreen;
				INFOPLIST_KEY_UIMainStoryboardFile = Main;
				INFOPLIST_KEY_UISupportedInterfaceOrientations_iPad = "UIInterfaceOrientationPortrait UIInterfaceOrientationPortraitUpsideDown UIInterfaceOrientationLandscapeLeft UIInterfaceOrientationLandscapeRight";
				INFOPLIST_KEY_UISupportedInterfaceOrientations_iPhone = "UIInterfaceOrientationPortrait UIInterfaceOrientationLandscapeLeft UIInterfaceOrientationLandscapeRight";
				LD_RUNPATH_SEARCH_PATHS = (
					"$(inherited)",
					"@executable_path/Frameworks",
				);
				MARKETING_VERSION = 1.0;
				PRODUCT_BUNDLE_IDENTIFIER = com.azure.samples.communication.callingwithchat.CallingWithChat;
				PRODUCT_NAME = "$(TARGET_NAME)";
				SWIFT_EMIT_LOC_STRINGS = YES;
				SWIFT_VERSION = 5.0;
				TARGETED_DEVICE_FAMILY = "1,2";
			};
			name = Release;
		};
		0594B1F22CB5BB47001D8A48 /* Debug */ = {
			isa = XCBuildConfiguration;
			buildSettings = {
				ALWAYS_SEARCH_USER_PATHS = NO;
				ASSETCATALOG_COMPILER_GENERATE_SWIFT_ASSET_SYMBOL_EXTENSIONS = YES;
				CLANG_ANALYZER_NONNULL = YES;
				CLANG_ANALYZER_NUMBER_OBJECT_CONVERSION = YES_AGGRESSIVE;
				CLANG_CXX_LANGUAGE_STANDARD = "gnu++20";
				CLANG_ENABLE_MODULES = YES;
				CLANG_ENABLE_OBJC_ARC = YES;
				CLANG_ENABLE_OBJC_WEAK = YES;
				CLANG_WARN_BLOCK_CAPTURE_AUTORELEASING = YES;
				CLANG_WARN_BOOL_CONVERSION = YES;
				CLANG_WARN_COMMA = YES;
				CLANG_WARN_CONSTANT_CONVERSION = YES;
				CLANG_WARN_DEPRECATED_OBJC_IMPLEMENTATIONS = YES;
				CLANG_WARN_DIRECT_OBJC_ISA_USAGE = YES_ERROR;
				CLANG_WARN_DOCUMENTATION_COMMENTS = YES;
				CLANG_WARN_EMPTY_BODY = YES;
				CLANG_WARN_ENUM_CONVERSION = YES;
				CLANG_WARN_INFINITE_RECURSION = YES;
				CLANG_WARN_INT_CONVERSION = YES;
				CLANG_WARN_NON_LITERAL_NULL_CONVERSION = YES;
				CLANG_WARN_OBJC_IMPLICIT_RETAIN_SELF = YES;
				CLANG_WARN_OBJC_LITERAL_CONVERSION = YES;
				CLANG_WARN_OBJC_ROOT_CLASS = YES_ERROR;
				CLANG_WARN_QUOTED_INCLUDE_IN_FRAMEWORK_HEADER = YES;
				CLANG_WARN_RANGE_LOOP_ANALYSIS = YES;
				CLANG_WARN_STRICT_PROTOTYPES = YES;
				CLANG_WARN_SUSPICIOUS_MOVE = YES;
				CLANG_WARN_UNGUARDED_AVAILABILITY = YES_AGGRESSIVE;
				CLANG_WARN_UNREACHABLE_CODE = YES;
				CLANG_WARN__DUPLICATE_METHOD_MATCH = YES;
				COPY_PHASE_STRIP = NO;
				DEBUG_INFORMATION_FORMAT = dwarf;
				ENABLE_STRICT_OBJC_MSGSEND = YES;
				ENABLE_TESTABILITY = YES;
				ENABLE_USER_SCRIPT_SANDBOXING = YES;
				GCC_C_LANGUAGE_STANDARD = gnu17;
				GCC_DYNAMIC_NO_PIC = NO;
				GCC_NO_COMMON_BLOCKS = YES;
				GCC_OPTIMIZATION_LEVEL = 0;
				GCC_PREPROCESSOR_DEFINITIONS = (
					"DEBUG=1",
					"$(inherited)",
				);
				GCC_WARN_64_TO_32_BIT_CONVERSION = YES;
				GCC_WARN_ABOUT_RETURN_TYPE = YES_ERROR;
				GCC_WARN_UNDECLARED_SELECTOR = YES;
				GCC_WARN_UNINITIALIZED_AUTOS = YES_AGGRESSIVE;
				GCC_WARN_UNUSED_FUNCTION = YES;
				GCC_WARN_UNUSED_VARIABLE = YES;
				IPHONEOS_DEPLOYMENT_TARGET = 18.0;
				LOCALIZATION_PREFERS_STRING_CATALOGS = YES;
				MTL_ENABLE_DEBUG_INFO = INCLUDE_SOURCE;
				MTL_FAST_MATH = YES;
				ONLY_ACTIVE_ARCH = YES;
				SDKROOT = iphoneos;
				SWIFT_ACTIVE_COMPILATION_CONDITIONS = "DEBUG $(inherited)";
				SWIFT_OPTIMIZATION_LEVEL = "-Onone";
			};
			name = Debug;
		};
		0594B1F32CB5BB47001D8A48 /* Release */ = {
			isa = XCBuildConfiguration;
			buildSettings = {
				ALWAYS_SEARCH_USER_PATHS = NO;
				ASSETCATALOG_COMPILER_GENERATE_SWIFT_ASSET_SYMBOL_EXTENSIONS = YES;
				CLANG_ANALYZER_NONNULL = YES;
				CLANG_ANALYZER_NUMBER_OBJECT_CONVERSION = YES_AGGRESSIVE;
				CLANG_CXX_LANGUAGE_STANDARD = "gnu++20";
				CLANG_ENABLE_MODULES = YES;
				CLANG_ENABLE_OBJC_ARC = YES;
				CLANG_ENABLE_OBJC_WEAK = YES;
				CLANG_WARN_BLOCK_CAPTURE_AUTORELEASING = YES;
				CLANG_WARN_BOOL_CONVERSION = YES;
				CLANG_WARN_COMMA = YES;
				CLANG_WARN_CONSTANT_CONVERSION = YES;
				CLANG_WARN_DEPRECATED_OBJC_IMPLEMENTATIONS = YES;
				CLANG_WARN_DIRECT_OBJC_ISA_USAGE = YES_ERROR;
				CLANG_WARN_DOCUMENTATION_COMMENTS = YES;
				CLANG_WARN_EMPTY_BODY = YES;
				CLANG_WARN_ENUM_CONVERSION = YES;
				CLANG_WARN_INFINITE_RECURSION = YES;
				CLANG_WARN_INT_CONVERSION = YES;
				CLANG_WARN_NON_LITERAL_NULL_CONVERSION = YES;
				CLANG_WARN_OBJC_IMPLICIT_RETAIN_SELF = YES;
				CLANG_WARN_OBJC_LITERAL_CONVERSION = YES;
				CLANG_WARN_OBJC_ROOT_CLASS = YES_ERROR;
				CLANG_WARN_QUOTED_INCLUDE_IN_FRAMEWORK_HEADER = YES;
				CLANG_WARN_RANGE_LOOP_ANALYSIS = YES;
				CLANG_WARN_STRICT_PROTOTYPES = YES;
				CLANG_WARN_SUSPICIOUS_MOVE = YES;
				CLANG_WARN_UNGUARDED_AVAILABILITY = YES_AGGRESSIVE;
				CLANG_WARN_UNREACHABLE_CODE = YES;
				CLANG_WARN__DUPLICATE_METHOD_MATCH = YES;
				COPY_PHASE_STRIP = NO;
				DEBUG_INFORMATION_FORMAT = "dwarf-with-dsym";
				ENABLE_NS_ASSERTIONS = NO;
				ENABLE_STRICT_OBJC_MSGSEND = YES;
				ENABLE_USER_SCRIPT_SANDBOXING = YES;
				GCC_C_LANGUAGE_STANDARD = gnu17;
				GCC_NO_COMMON_BLOCKS = YES;
				GCC_WARN_64_TO_32_BIT_CONVERSION = YES;
				GCC_WARN_ABOUT_RETURN_TYPE = YES_ERROR;
				GCC_WARN_UNDECLARED_SELECTOR = YES;
				GCC_WARN_UNINITIALIZED_AUTOS = YES_AGGRESSIVE;
				GCC_WARN_UNUSED_FUNCTION = YES;
				GCC_WARN_UNUSED_VARIABLE = YES;
				IPHONEOS_DEPLOYMENT_TARGET = 18.0;
				LOCALIZATION_PREFERS_STRING_CATALOGS = YES;
				MTL_ENABLE_DEBUG_INFO = NO;
				MTL_FAST_MATH = YES;
				SDKROOT = iphoneos;
				SWIFT_COMPILATION_MODE = wholemodule;
				VALIDATE_PRODUCT = YES;
			};
			name = Release;
		};
/* End XCBuildConfiguration section */

/* Begin XCConfigurationList section */
		0594B1D72CB5BB44001D8A48 /* Build configuration list for PBXProject "CallingWithChat" */ = {
			isa = XCConfigurationList;
			buildConfigurations = (
				0594B1F22CB5BB47001D8A48 /* Debug */,
				0594B1F32CB5BB47001D8A48 /* Release */,
			);
			defaultConfigurationIsVisible = 0;
			defaultConfigurationName = Release;
		};
		0594B1EF2CB5BB47001D8A48 /* Build configuration list for PBXNativeTarget "CallingWithChat" */ = {
			isa = XCConfigurationList;
			buildConfigurations = (
				0594B1F02CB5BB47001D8A48 /* Debug */,
				0594B1F12CB5BB47001D8A48 /* Release */,
			);
			defaultConfigurationIsVisible = 0;
			defaultConfigurationName = Release;
		};
/* End XCConfigurationList section */

/* Begin XCLocalSwiftPackageReference section */
		108C94702E3368E5008E1438 /* XCLocalSwiftPackageReference "SPM/AzureCommunicationUI" */ = {
			isa = XCLocalSwiftPackageReference;
			relativePath = SPM/AzureCommunicationUI;
		};
/* End XCLocalSwiftPackageReference section */

/* Begin XCSwiftPackageProductDependency section */
		108C94712E3368E5008E1438 /* AzureCommunicationCalling */ = {
			isa = XCSwiftPackageProductDependency;
			productName = AzureCommunicationCalling;
		};
		108C94732E3368E5008E1438 /* AzureCommunicationUICalling */ = {
			isa = XCSwiftPackageProductDependency;
			productName = AzureCommunicationUICalling;
		};
		108C94752E3368E5008E1438 /* AzureCommunicationUIChat */ = {
			isa = XCSwiftPackageProductDependency;
			productName = AzureCommunicationUIChat;
		};
		108C94772E3368E5008E1438 /* AzureCommunicationUICommon */ = {
			isa = XCSwiftPackageProductDependency;
			productName = AzureCommunicationUICommon;
		};
/* End XCSwiftPackageProductDependency section */
	};
	rootObject = 0594B1D42CB5BB44001D8A48 /* Project object */;
}
